// !$*UTF8*$!
{
	archiveVersion = 1;
	classes = {
	};
	objectVersion = 46;
	objects = {

/* Begin PBXBuildFile section */
		FEEC31AB1642991A00A346E2 /* UIKit.framework in Frameworks */ = {isa = PBXBuildFile; fileRef = FEEC31AA1642991A00A346E2 /* UIKit.framework */; };
		FEEC31AD1642991A00A346E2 /* Foundation.framework in Frameworks */ = {isa = PBXBuildFile; fileRef = FEEC31AC1642991A00A346E2 /* Foundation.framework */; };
		FEEC31AF1642991A00A346E2 /* CoreGraphics.framework in Frameworks */ = {isa = PBXBuildFile; fileRef = FEEC31AE1642991A00A346E2 /* CoreGraphics.framework */; };
		FEEC31B51642991A00A346E2 /* InfoPlist.strings in Resources */ = {isa = PBXBuildFile; fileRef = FEEC31B31642991A00A346E2 /* InfoPlist.strings */; };
		FEEC31B71642991A00A346E2 /* main.m in Sources */ = {isa = PBXBuildFile; fileRef = FEEC31B61642991A00A346E2 /* main.m */; };
		FEEC31BB1642991A00A346E2 /* MWAppDelegate.m in Sources */ = {isa = PBXBuildFile; fileRef = FEEC31BA1642991A00A346E2 /* MWAppDelegate.m */; };
		FEEC31BD1642991A00A346E2 /* Default.png in Resources */ = {isa = PBXBuildFile; fileRef = FEEC31BC1642991A00A346E2 /* Default.png */; };
		FEEC31BF1642991A00A346E2 /* Default@2x.png in Resources */ = {isa = PBXBuildFile; fileRef = FEEC31BE1642991A00A346E2 /* Default@2x.png */; };
		FEEC31C11642991A00A346E2 /* Default-568h@2x.png in Resources */ = {isa = PBXBuildFile; fileRef = FEEC31C01642991A00A346E2 /* Default-568h@2x.png */; };
/* End PBXBuildFile section */

/* Begin PBXFileReference section */
		FEEC31A61642991A00A346E2 /* me2wave.app */ = {isa = PBXFileReference; explicitFileType = wrapper.application; includeInIndex = 0; path = me2wave.app; sourceTree = BUILT_PRODUCTS_DIR; };
		FEEC31AA1642991A00A346E2 /* UIKit.framework */ = {isa = PBXFileReference; lastKnownFileType = wrapper.framework; name = UIKit.framework; path = System/Library/Frameworks/UIKit.framework; sourceTree = SDKROOT; };
		FEEC31AC1642991A00A346E2 /* Foundation.framework */ = {isa = PBXFileReference; lastKnownFileType = wrapper.framework; name = Foundation.framework; path = System/Library/Frameworks/Foundation.framework; sourceTree = SDKROOT; };
		FEEC31AE1642991A00A346E2 /* CoreGraphics.framework */ = {isa = PBXFileReference; lastKnownFileType = wrapper.framework; name = CoreGraphics.framework; path = System/Library/Frameworks/CoreGraphics.framework; sourceTree = SDKROOT; };
		FEEC31B21642991A00A346E2 /* me2wave-Info.plist */ = {isa = PBXFileReference; lastKnownFileType = text.plist.xml; path = "me2wave-Info.plist"; sourceTree = "<group>"; };
		FEEC31B41642991A00A346E2 /* en */ = {isa = PBXFileReference; lastKnownFileType = text.plist.strings; name = en; path = en.lproj/InfoPlist.strings; sourceTree = "<group>"; };
		FEEC31B61642991A00A346E2 /* main.m */ = {isa = PBXFileReference; lastKnownFileType = sourcecode.c.objc; path = main.m; sourceTree = "<group>"; };
		FEEC31B81642991A00A346E2 /* me2wave-Prefix.pch */ = {isa = PBXFileReference; lastKnownFileType = sourcecode.c.h; path = "me2wave-Prefix.pch"; sourceTree = "<group>"; };
		FEEC31B91642991A00A346E2 /* MWAppDelegate.h */ = {isa = PBXFileReference; lastKnownFileType = sourcecode.c.h; path = MWAppDelegate.h; sourceTree = "<group>"; };
		FEEC31BA1642991A00A346E2 /* MWAppDelegate.m */ = {isa = PBXFileReference; lastKnownFileType = sourcecode.c.objc; path = MWAppDelegate.m; sourceTree = "<group>"; };
		FEEC31BC1642991A00A346E2 /* Default.png */ = {isa = PBXFileReference; lastKnownFileType = image.png; path = Default.png; sourceTree = "<group>"; };
		FEEC31BE1642991A00A346E2 /* Default@2x.png */ = {isa = PBXFileReference; lastKnownFileType = image.png; path = "Default@2x.png"; sourceTree = "<group>"; };
		FEEC31C01642991A00A346E2 /* Default-568h@2x.png */ = {isa = PBXFileReference; lastKnownFileType = image.png; path = "Default-568h@2x.png"; sourceTree = "<group>"; };
/* End PBXFileReference section */

/* Begin PBXFrameworksBuildPhase section */
		FEEC31A31642991A00A346E2 /* Frameworks */ = {
			isa = PBXFrameworksBuildPhase;
			buildActionMask = 2147483647;
			files = (
				FEEC31AB1642991A00A346E2 /* UIKit.framework in Frameworks */,
				FEEC31AD1642991A00A346E2 /* Foundation.framework in Frameworks */,
				FEEC31AF1642991A00A346E2 /* CoreGraphics.framework in Frameworks */,
			);
			runOnlyForDeploymentPostprocessing = 0;
		};
/* End PBXFrameworksBuildPhase section */

/* Begin PBXGroup section */
		FEEC319B1642991A00A346E2 = {
			isa = PBXGroup;
			children = (
				FEEC31B01642991A00A346E2 /* me2wave */,
				FEEC31A91642991A00A346E2 /* Frameworks */,
				FEEC31A71642991A00A346E2 /* Products */,
			);
			sourceTree = "<group>";
		};
		FEEC31A71642991A00A346E2 /* Products */ = {
			isa = PBXGroup;
			children = (
				FEEC31A61642991A00A346E2 /* me2wave.app */,
			);
			name = Products;
			sourceTree = "<group>";
		};
		FEEC31A91642991A00A346E2 /* Frameworks */ = {
			isa = PBXGroup;
			children = (
				FEEC31AA1642991A00A346E2 /* UIKit.framework */,
				FEEC31AC1642991A00A346E2 /* Foundation.framework */,
				FEEC31AE1642991A00A346E2 /* CoreGraphics.framework */,
			);
			name = Frameworks;
			sourceTree = "<group>";
		};
		FEEC31B01642991A00A346E2 /* me2wave */ = {
			isa = PBXGroup;
			children = (
				FEEC31B91642991A00A346E2 /* MWAppDelegate.h */,
				FEEC31BA1642991A00A346E2 /* MWAppDelegate.m */,
				FEEC31B11642991A00A346E2 /* Supporting Files */,
			);
			path = me2wave;
			sourceTree = "<group>";
		};
		FEEC31B11642991A00A346E2 /* Supporting Files */ = {
			isa = PBXGroup;
			children = (
				FEEC31B21642991A00A346E2 /* me2wave-Info.plist */,
				FEEC31B31642991A00A346E2 /* InfoPlist.strings */,
				FEEC31B61642991A00A346E2 /* main.m */,
				FEEC31B81642991A00A346E2 /* me2wave-Prefix.pch */,
				FEEC31BC1642991A00A346E2 /* Default.png */,
				FEEC31BE1642991A00A346E2 /* Default@2x.png */,
				FEEC31C01642991A00A346E2 /* Default-568h@2x.png */,
			);
			name = "Supporting Files";
			sourceTree = "<group>";
		};
/* End PBXGroup section */

/* Begin PBXNativeTarget section */
		FEEC31A51642991A00A346E2 /* me2wave */ = {
			isa = PBXNativeTarget;
			buildConfigurationList = FEEC31C41642991A00A346E2 /* Build configuration list for PBXNativeTarget "me2wave" */;
			buildPhases = (
				FEEC31A21642991A00A346E2 /* Sources */,
				FEEC31A31642991A00A346E2 /* Frameworks */,
				FEEC31A41642991A00A346E2 /* Resources */,
			);
			buildRules = (
			);
			dependencies = (
			);
			name = me2wave;
			productName = me2wave;
			productReference = FEEC31A61642991A00A346E2 /* me2wave.app */;
			productType = "com.apple.product-type.application";
		};
/* End PBXNativeTarget section */

/* Begin PBXProject section */
		FEEC319D1642991A00A346E2 /* Project object */ = {
			isa = PBXProject;
			attributes = {
				CLASSPREFIX = MW;
				LastUpgradeCheck = 0450;
				ORGANIZATIONNAME = kgn;
			};
			buildConfigurationList = FEEC31A01642991A00A346E2 /* Build configuration list for PBXProject "me2wave" */;
			compatibilityVersion = "Xcode 3.2";
			developmentRegion = English;
			hasScannedForEncodings = 0;
			knownRegions = (
				en,
			);
			mainGroup = FEEC319B1642991A00A346E2;
			productRefGroup = FEEC31A71642991A00A346E2 /* Products */;
			projectDirPath = "";
			projectRoot = "";
			targets = (
				FEEC31A51642991A00A346E2 /* me2wave */,
			);
		};
/* End PBXProject section */

/* Begin PBXResourcesBuildPhase section */
		FEEC31A41642991A00A346E2 /* Resources */ = {
			isa = PBXResourcesBuildPhase;
			buildActionMask = 2147483647;
			files = (
				FEEC31B51642991A00A346E2 /* InfoPlist.strings in Resources */,
				FEEC31BD1642991A00A346E2 /* Default.png in Resources */,
				FEEC31BF1642991A00A346E2 /* Default@2x.png in Resources */,
				FEEC31C11642991A00A346E2 /* Default-568h@2x.png in Resources */,
			);
			runOnlyForDeploymentPostprocessing = 0;
		};
/* End PBXResourcesBuildPhase section */

/* Begin PBXSourcesBuildPhase section */
		FEEC31A21642991A00A346E2 /* Sources */ = {
			isa = PBXSourcesBuildPhase;
			buildActionMask = 2147483647;
			files = (
				FEEC31B71642991A00A346E2 /* main.m in Sources */,
				FEEC31BB1642991A00A346E2 /* MWAppDelegate.m in Sources */,
			);
			runOnlyForDeploymentPostprocessing = 0;
		};
/* End PBXSourcesBuildPhase section */

/* Begin PBXVariantGroup section */
		FEEC31B31642991A00A346E2 /* InfoPlist.strings */ = {
			isa = PBXVariantGroup;
			children = (
				FEEC31B41642991A00A346E2 /* en */,
			);
			name = InfoPlist.strings;
			sourceTree = "<group>";
		};
/* End PBXVariantGroup section */

/* Begin XCBuildConfiguration section */
		FEEC31C21642991A00A346E2 /* Debug */ = {
			isa = XCBuildConfiguration;
			buildSettings = {
				ALWAYS_SEARCH_USER_PATHS = NO;
				CLANG_CXX_LANGUAGE_STANDARD = "gnu++0x";
				CLANG_CXX_LIBRARY = "libc++";
				CLANG_WARN_EMPTY_BODY = YES;
				CLANG_WARN__DUPLICATE_METHOD_MATCH = YES;
				"CODE_SIGN_IDENTITY[sdk=iphoneos*]" = "iPhone Developer";
				COPY_PHASE_STRIP = NO;
				GCC_C_LANGUAGE_STANDARD = gnu99;
				GCC_DYNAMIC_NO_PIC = NO;
				GCC_OPTIMIZATION_LEVEL = 0;
				GCC_PREPROCESSOR_DEFINITIONS = (
					"DEBUG=1",
					"$(inherited)",
				);
				GCC_SYMBOLS_PRIVATE_EXTERN = NO;
				GCC_WARN_ABOUT_RETURN_TYPE = YES;
				GCC_WARN_UNINITIALIZED_AUTOS = YES;
				GCC_WARN_UNUSED_VARIABLE = YES;
				IPHONEOS_DEPLOYMENT_TARGET = 6.0;
				ONLY_ACTIVE_ARCH = YES;
				SDKROOT = iphoneos;
			};
			name = Debug;
		};
		FEEC31C31642991A00A346E2 /* Release */ = {
			isa = XCBuildConfiguration;
			buildSettings = {
				ALWAYS_SEARCH_USER_PATHS = NO;
				CLANG_CXX_LANGUAGE_STANDARD = "gnu++0x";
				CLANG_CXX_LIBRARY = "libc++";
				CLANG_WARN_EMPTY_BODY = YES;
				CLANG_WARN__DUPLICATE_METHOD_MATCH = YES;
				"CODE_SIGN_IDENTITY[sdk=iphoneos*]" = "iPhone Developer";
				COPY_PHASE_STRIP = YES;
				GCC_C_LANGUAGE_STANDARD = gnu99;
				GCC_WARN_ABOUT_RETURN_TYPE = YES;
				GCC_WARN_UNINITIALIZED_AUTOS = YES;
				GCC_WARN_UNUSED_VARIABLE = YES;
				IPHONEOS_DEPLOYMENT_TARGET = 6.0;
				OTHER_CFLAGS = "-DNS_BLOCK_ASSERTIONS=1";
				SDKROOT = iphoneos;
				VALIDATE_PRODUCT = YES;
			};
			name = Release;
		};
		FEEC31C51642991A00A346E2 /* Debug */ = {
			isa = XCBuildConfiguration;
			buildSettings = {
				GCC_PRECOMPILE_PREFIX_HEADER = YES;
				GCC_PREFIX_HEADER = "me2wave/me2wave-Prefix.pch";
				INFOPLIST_FILE = "me2wave/me2wave-Info.plist";
				PRODUCT_NAME = "$(TARGET_NAME)";
				WRAPPER_EXTENSION = app;
			};
			name = Debug;
		};
		FEEC31C61642991A00A346E2 /* Release */ = {
			isa = XCBuildConfiguration;
			buildSettings = {
				GCC_PRECOMPILE_PREFIX_HEADER = YES;
				GCC_PREFIX_HEADER = "me2wave/me2wave-Prefix.pch";
				INFOPLIST_FILE = "me2wave/me2wave-Info.plist";
				PRODUCT_NAME = "$(TARGET_NAME)";
				WRAPPER_EXTENSION = app;
			};
			name = Release;
		};
/* End XCBuildConfiguration section */

/* Begin XCConfigurationList section */
		FEEC31A01642991A00A346E2 /* Build configuration list for PBXProject "me2wave" */ = {
			isa = XCConfigurationList;
			buildConfigurations = (
				FEEC31C21642991A00A346E2 /* Debug */,
				FEEC31C31642991A00A346E2 /* Release */,
			);
			defaultConfigurationIsVisible = 0;
			defaultConfigurationName = Release;
		};
		FEEC31C41642991A00A346E2 /* Build configuration list for PBXNativeTarget "me2wave" */ = {
			isa = XCConfigurationList;
			buildConfigurations = (
				FEEC31C51642991A00A346E2 /* Debug */,
				FEEC31C61642991A00A346E2 /* Release */,
			);
			defaultConfigurationIsVisible = 0;
		};
/* End XCConfigurationList section */
	};
	rootObject = FEEC319D1642991A00A346E2 /* Project object */;
}
